
Microsoft Visual Studio Solution File, Format Version 12.00
# Visual Studio Version 16
VisualStudioVersion = 16.0.28803.452
MinimumVisualStudioVersion = 10.0.40219.1
Project("{FAE04EC0-301F-11D3-BF4B-00C04F79EFBC}") = "FS2020 Tree Size Editor", "FS2020 Tree Size Editor.csproj", "{34C7B8FE-04AC-43C8-8EE9-209F701FA5C5}"
EndProject
Global
	GlobalSection(SolutionConfigurationPlatforms) = preSolution
		Debug|Any CPU = Debug|Any CPU
		Release|Any CPU = Release|Any CPU
	EndGlobalSection
	GlobalSection(ProjectConfigurationPlatforms) = postSolution
		{34C7B8FE-04AC-43C8-8EE9-209F701FA5C5}.Debug|Any CPU.ActiveCfg = Debug|Any CPU
		{34C7B8FE-04AC-43C8-8EE9-209F701FA5C5}.Debug|Any CPU.Build.0 = Debug|Any CPU
		{34C7B8FE-04AC-43C8-8EE9-209F701FA5C5}.Release|Any CPU.ActiveCfg = Release|Any CPU
		{34C7B8FE-04AC-43C8-8EE9-209F701FA5C5}.Release|Any CPU.Build.0 = Release|Any CPU
	EndGlobalSection
	GlobalSection(SolutionProperties) = preSolution
		HideSolutionNode = FALSE
	EndGlobalSection
	GlobalSection(ExtensibilityGlobals) = postSolution
		SolutionGuid = {6A74DFA0-A58A-4DD9-B5C0-9C6C54AAC6CB}
	EndGlobalSection
EndGlobal
